// !$*UTF8*$!
{
	archiveVersion = 1;
	classes = {
	};
	objectVersion = 46;
	objects = {

/* Begin PBXBuildFile section */
		780B0A4E1D4D47EC003A2DDC /* charizard.dae in Resources */ = {isa = PBXBuildFile; fileRef = 780B0A4D1D4D47EC003A2DDC /* charizard.dae */; };
		780EB5031D450DDF00264EB8 /* stone-wall.jpg in Resources */ = {isa = PBXBuildFile; fileRef = 780EB5021D450DDF00264EB8 /* stone-wall.jpg */; };
		780EB5071D4583E600264EB8 /* blue-sky.jpg in Resources */ = {isa = PBXBuildFile; fileRef = 780EB5061D4583E600264EB8 /* blue-sky.jpg */; };
		782E69A51D4D312A00D207CB /* BR_Bulbasaur.png in Resources */ = {isa = PBXBuildFile; fileRef = 782E69A41D4D312A00D207CB /* BR_Bulbasaur.png */; };
		782E69A71D4D32B700D207CB /* bulbasaur_minimalist_wallpaper_by_rich_q-d7bdg80.png in Resources */ = {isa = PBXBuildFile; fileRef = 782E69A61D4D32B700D207CB /* bulbasaur_minimalist_wallpaper_by_rich_q-d7bdg80.png */; };
		7860F5B01D422A89007E138C /* AppDelegate.swift in Sources */ = {isa = PBXBuildFile; fileRef = 7860F5AF1D422A89007E138C /* AppDelegate.swift */; };
		7860F5B21D422A89007E138C /* ViewController.swift in Sources */ = {isa = PBXBuildFile; fileRef = 7860F5B11D422A89007E138C /* ViewController.swift */; };
		7860F5B51D422A89007E138C /* Main.storyboard in Resources */ = {isa = PBXBuildFile; fileRef = 7860F5B31D422A89007E138C /* Main.storyboard */; };
		7860F5B71D422A89007E138C /* Assets.xcassets in Resources */ = {isa = PBXBuildFile; fileRef = 7860F5B61D422A89007E138C /* Assets.xcassets */; };
		7860F5BA1D422A89007E138C /* LaunchScreen.storyboard in Resources */ = {isa = PBXBuildFile; fileRef = 7860F5B81D422A89007E138C /* LaunchScreen.storyboard */; };
		7860F5C21D422AA0007E138C /* SceneKit.framework in Frameworks */ = {isa = PBXBuildFile; fileRef = 7860F5C11D422AA0007E138C /* SceneKit.framework */; };
		7860F5C41D422B88007E138C /* PrimitivesScene.swift in Sources */ = {isa = PBXBuildFile; fileRef = 7860F5C31D422B88007E138C /* PrimitivesScene.swift */; };
		78612DFE1D4A7B2D008390B6 /* wood.jpg in Resources */ = {isa = PBXBuildFile; fileRef = 78612DFD1D4A7B2D008390B6 /* wood.jpg */; };
		78612E001D4A7B55008390B6 /* sinon.dae in Resources */ = {isa = PBXBuildFile; fileRef = 78612DFF1D4A7B55008390B6 /* sinon.dae */; };
		78612E0A1D4A7CC3008390B6 /* lizardon_0_0.tga in Resources */ = {isa = PBXBuildFile; fileRef = 78612E051D4A7CC3008390B6 /* lizardon_0_0.tga */; };
		78612E0B1D4A7CC3008390B6 /* lizardon_1_0.tga in Resources */ = {isa = PBXBuildFile; fileRef = 78612E061D4A7CC3008390B6 /* lizardon_1_0.tga */; };
		78612E0C1D4A7CC3008390B6 /* LizardonDh.tga in Resources */ = {isa = PBXBuildFile; fileRef = 78612E071D4A7CC3008390B6 /* LizardonDh.tga */; };
		78612E0D1D4A7CC3008390B6 /* LizardonEyeDh.tga in Resources */ = {isa = PBXBuildFile; fileRef = 78612E081D4A7CC3008390B6 /* LizardonEyeDh.tga */; };
		78612E0E1D4A7CC4008390B6 /* LizardonFireWP.tga in Resources */ = {isa = PBXBuildFile; fileRef = 78612E091D4A7CC3008390B6 /* LizardonFireWP.tga */; };
		78612E111D4AB015008390B6 /* pokeball.png in Resources */ = {isa = PBXBuildFile; fileRef = 78612E101D4AB015008390B6 /* pokeball.png */; };
		78612E151D4B8ACF008390B6 /* green.png in Resources */ = {isa = PBXBuildFile; fileRef = 78612E141D4B8ACF008390B6 /* green.png */; };
		78612E2F1D4BC4A8008390B6 /* pik.dae in Resources */ = {isa = PBXBuildFile; fileRef = 78612E2E1D4BC4A8008390B6 /* pik.dae */; };
		78612E461D4D0EDD008390B6 /* PikachuEnvNl.png in Resources */ = {isa = PBXBuildFile; fileRef = 78612E401D4D0EDD008390B6 /* PikachuEnvNl.png */; };
		78612E471D4D0EDD008390B6 /* PikachuEyeNl.png in Resources */ = {isa = PBXBuildFile; fileRef = 78612E411D4D0EDD008390B6 /* PikachuEyeNl.png */; };
		78612E481D4D0EDD008390B6 /* PikachuHohoNl.png in Resources */ = {isa = PBXBuildFile; fileRef = 78612E421D4D0EDD008390B6 /* PikachuHohoNl.png */; };
		78612E491D4D0EDD008390B6 /* PikachuMouthNl.png in Resources */ = {isa = PBXBuildFile; fileRef = 78612E431D4D0EDD008390B6 /* PikachuMouthNl.png */; };
		78612E4A1D4D0EDD008390B6 /* PikachuNl.png in Resources */ = {isa = PBXBuildFile; fileRef = 78612E441D4D0EDD008390B6 /* PikachuNl.png */; };
		78612E4B1D4D0EDD008390B6 /* PikachuSpecularNl.png in Resources */ = {isa = PBXBuildFile; fileRef = 78612E451D4D0EDD008390B6 /* PikachuSpecularNl.png */; };
		786980621D4D2FB400D1DF56 /* bulb.dae in Resources */ = {isa = PBXBuildFile; fileRef = 7869805B1D4D2FB400D1DF56 /* bulb.dae */; };
		786980631D4D2FB400D1DF56 /* fushigidane_0_0.tga in Resources */ = {isa = PBXBuildFile; fileRef = 7869805C1D4D2FB400D1DF56 /* fushigidane_0_0.tga */; };
		786980641D4D2FB400D1DF56 /* fushigidane_0_1.tga in Resources */ = {isa = PBXBuildFile; fileRef = 7869805D1D4D2FB400D1DF56 /* fushigidane_0_1.tga */; };
		786980651D4D2FB400D1DF56 /* fushigidane_1_0.tga in Resources */ = {isa = PBXBuildFile; fileRef = 7869805E1D4D2FB400D1DF56 /* fushigidane_1_0.tga */; };
		786980661D4D2FB400D1DF56 /* fushigidane_1_1.tga in Resources */ = {isa = PBXBuildFile; fileRef = 7869805F1D4D2FB400D1DF56 /* fushigidane_1_1.tga */; };
		786980671D4D2FB400D1DF56 /* FushigidaneDh.tga in Resources */ = {isa = PBXBuildFile; fileRef = 786980601D4D2FB400D1DF56 /* FushigidaneDh.tga */; };
		786980681D4D2FB400D1DF56 /* FushigidaneEyeDh.tga in Resources */ = {isa = PBXBuildFile; fileRef = 786980611D4D2FB400D1DF56 /* FushigidaneEyeDh.tga */; };
		7898233D1D478DD800FCFE04 /* football.png in Resources */ = {isa = PBXBuildFile; fileRef = 7898233C1D478DD800FCFE04 /* football.png */; };
		78A2C0961D4EACB200ABE262 /* spark.png in Resources */ = {isa = PBXBuildFile; fileRef = 78A2C0951D4EACB200ABE262 /* spark.png */; };
		78A2C0981D4EACBE00ABE262 /* Explosion.scnp in Resources */ = {isa = PBXBuildFile; fileRef = 78A2C0971D4EACBE00ABE262 /* Explosion.scnp */; };
/* End PBXBuildFile section */

/* Begin PBXFileReference section */
		780B0A4D1D4D47EC003A2DDC /* charizard.dae */ = {isa = PBXFileReference; fileEncoding = 4; lastKnownFileType = text.xml.dae; name = charizard.dae; path = SceneKitTutorial/charizard.dae; sourceTree = "<group>"; };
		780EB5021D450DDF00264EB8 /* stone-wall.jpg */ = {isa = PBXFileReference; lastKnownFileType = image.jpeg; name = "stone-wall.jpg"; path = "SceneKitTutorial/stone-wall.jpg"; sourceTree = "<group>"; };
		780EB5061D4583E600264EB8 /* blue-sky.jpg */ = {isa = PBXFileReference; lastKnownFileType = image.jpeg; path = "blue-sky.jpg"; sourceTree = "<group>"; };
		782E69A41D4D312A00D207CB /* BR_Bulbasaur.png */ = {isa = PBXFileReference; lastKnownFileType = image.png; name = BR_Bulbasaur.png; path = SceneKitTutorial/bulbasaur/BR_Bulbasaur.png; sourceTree = "<group>"; };
		782E69A61D4D32B700D207CB /* bulbasaur_minimalist_wallpaper_by_rich_q-d7bdg80.png */ = {isa = PBXFileReference; lastKnownFileType = image.png; name = "bulbasaur_minimalist_wallpaper_by_rich_q-d7bdg80.png"; path = "SceneKitTutorial/bulbasaur/bulbasaur_minimalist_wallpaper_by_rich_q-d7bdg80.png"; sourceTree = "<group>"; };
		7860F5AC1D422A89007E138C /* SceneKitTutorial.app */ = {isa = PBXFileReference; explicitFileType = wrapper.application; includeInIndex = 0; path = SceneKitTutorial.app; sourceTree = BUILT_PRODUCTS_DIR; };
		7860F5AF1D422A89007E138C /* AppDelegate.swift */ = {isa = PBXFileReference; lastKnownFileType = sourcecode.swift; path = AppDelegate.swift; sourceTree = "<group>"; };
		7860F5B11D422A89007E138C /* ViewController.swift */ = {isa = PBXFileReference; lastKnownFileType = sourcecode.swift; path = ViewController.swift; sourceTree = "<group>"; };
		7860F5B41D422A89007E138C /* Base */ = {isa = PBXFileReference; lastKnownFileType = file.storyboard; name = Base; path = Base.lproj/Main.storyboard; sourceTree = "<group>"; };
		7860F5B61D422A89007E138C /* Assets.xcassets */ = {isa = PBXFileReference; lastKnownFileType = folder.assetcatalog; path = Assets.xcassets; sourceTree = "<group>"; };
		7860F5B91D422A89007E138C /* Base */ = {isa = PBXFileReference; lastKnownFileType = file.storyboard; name = Base; path = Base.lproj/LaunchScreen.storyboard; sourceTree = "<group>"; };
		7860F5BB1D422A89007E138C /* Info.plist */ = {isa = PBXFileReference; lastKnownFileType = text.plist.xml; path = Info.plist; sourceTree = "<group>"; };
		7860F5C11D422AA0007E138C /* SceneKit.framework */ = {isa = PBXFileReference; lastKnownFileType = wrapper.framework; name = SceneKit.framework; path = System/Library/Frameworks/SceneKit.framework; sourceTree = SDKROOT; };
		7860F5C31D422B88007E138C /* PrimitivesScene.swift */ = {isa = PBXFileReference; fileEncoding = 4; lastKnownFileType = sourcecode.swift; path = PrimitivesScene.swift; sourceTree = "<group>"; };
		78612DFD1D4A7B2D008390B6 /* wood.jpg */ = {isa = PBXFileReference; lastKnownFileType = image.jpeg; name = wood.jpg; path = SceneKitTutorial/wood.jpg; sourceTree = "<group>"; };
		78612DFF1D4A7B55008390B6 /* sinon.dae */ = {isa = PBXFileReference; fileEncoding = 4; lastKnownFileType = text.xml.dae; path = sinon.dae; sourceTree = "<group>"; };
		78612E051D4A7CC3008390B6 /* lizardon_0_0.tga */ = {isa = PBXFileReference; lastKnownFileType = file; name = lizardon_0_0.tga; path = SceneKitTutorial/charizardTextures/lizardon_0_0.tga; sourceTree = "<group>"; };
		78612E061D4A7CC3008390B6 /* lizardon_1_0.tga */ = {isa = PBXFileReference; lastKnownFileType = file; name = lizardon_1_0.tga; path = SceneKitTutorial/charizardTextures/lizardon_1_0.tga; sourceTree = "<group>"; };
		78612E071D4A7CC3008390B6 /* LizardonDh.tga */ = {isa = PBXFileReference; lastKnownFileType = file; name = LizardonDh.tga; path = SceneKitTutorial/charizardTextures/LizardonDh.tga; sourceTree = "<group>"; };
		78612E081D4A7CC3008390B6 /* LizardonEyeDh.tga */ = {isa = PBXFileReference; lastKnownFileType = file; name = LizardonEyeDh.tga; path = SceneKitTutorial/charizardTextures/LizardonEyeDh.tga; sourceTree = "<group>"; };
		78612E091D4A7CC3008390B6 /* LizardonFireWP.tga */ = {isa = PBXFileReference; lastKnownFileType = file; name = LizardonFireWP.tga; path = SceneKitTutorial/charizardTextures/LizardonFireWP.tga; sourceTree = "<group>"; };
		78612E101D4AB015008390B6 /* pokeball.png */ = {isa = PBXFileReference; lastKnownFileType = image.png; path = pokeball.png; sourceTree = "<group>"; };
		78612E141D4B8ACF008390B6 /* green.png */ = {isa = PBXFileReference; lastKnownFileType = image.png; path = green.png; sourceTree = "<group>"; };
		78612E2E1D4BC4A8008390B6 /* pik.dae */ = {isa = PBXFileReference; fileEncoding = 4; lastKnownFileType = text.xml.dae; path = pik.dae; sourceTree = "<group>"; };
		78612E401D4D0EDD008390B6 /* PikachuEnvNl.png */ = {isa = PBXFileReference; lastKnownFileType = image.png; name = PikachuEnvNl.png; path = SceneKitTutorial/PikachuEnvNl.png; sourceTree = "<group>"; };
		78612E411D4D0EDD008390B6 /* PikachuEyeNl.png */ = {isa = PBXFileReference; lastKnownFileType = image.png; name = PikachuEyeNl.png; path = SceneKitTutorial/PikachuEyeNl.png; sourceTree = "<group>"; };
		78612E421D4D0EDD008390B6 /* PikachuHohoNl.png */ = {isa = PBXFileReference; lastKnownFileType = image.png; name = PikachuHohoNl.png; path = SceneKitTutorial/PikachuHohoNl.png; sourceTree = "<group>"; };
		78612E431D4D0EDD008390B6 /* PikachuMouthNl.png */ = {isa = PBXFileReference; lastKnownFileType = image.png; name = PikachuMouthNl.png; path = SceneKitTutorial/PikachuMouthNl.png; sourceTree = "<group>"; };
		78612E441D4D0EDD008390B6 /* PikachuNl.png */ = {isa = PBXFileReference; lastKnownFileType = image.png; name = PikachuNl.png; path = SceneKitTutorial/PikachuNl.png; sourceTree = "<group>"; };
		78612E451D4D0EDD008390B6 /* PikachuSpecularNl.png */ = {isa = PBXFileReference; lastKnownFileType = image.png; name = PikachuSpecularNl.png; path = SceneKitTutorial/PikachuSpecularNl.png; sourceTree = "<group>"; };
		7869805B1D4D2FB400D1DF56 /* bulb.dae */ = {isa = PBXFileReference; fileEncoding = 4; lastKnownFileType = text.xml.dae; name = bulb.dae; path = SceneKitTutorial/bulbasaur/bulb.dae; sourceTree = "<group>"; };
		7869805C1D4D2FB400D1DF56 /* fushigidane_0_0.tga */ = {isa = PBXFileReference; lastKnownFileType = file; name = fushigidane_0_0.tga; path = SceneKitTutorial/bulbasaur/fushigidane_0_0.tga; sourceTree = "<group>"; };
		7869805D1D4D2FB400D1DF56 /* fushigidane_0_1.tga */ = {isa = PBXFileReference; lastKnownFileType = file; name = fushigidane_0_1.tga; path = SceneKitTutorial/bulbasaur/fushigidane_0_1.tga; sourceTree = "<group>"; };
		7869805E1D4D2FB400D1DF56 /* fushigidane_1_0.tga */ = {isa = PBXFileReference; lastKnownFileType = file; name = fushigidane_1_0.tga; path = SceneKitTutorial/bulbasaur/fushigidane_1_0.tga; sourceTree = "<group>"; };
		7869805F1D4D2FB400D1DF56 /* fushigidane_1_1.tga */ = {isa = PBXFileReference; lastKnownFileType = file; name = fushigidane_1_1.tga; path = SceneKitTutorial/bulbasaur/fushigidane_1_1.tga; sourceTree = "<group>"; };
		786980601D4D2FB400D1DF56 /* FushigidaneDh.tga */ = {isa = PBXFileReference; lastKnownFileType = file; name = FushigidaneDh.tga; path = SceneKitTutorial/bulbasaur/FushigidaneDh.tga; sourceTree = "<group>"; };
		786980611D4D2FB400D1DF56 /* FushigidaneEyeDh.tga */ = {isa = PBXFileReference; lastKnownFileType = file; name = FushigidaneEyeDh.tga; path = SceneKitTutorial/bulbasaur/FushigidaneEyeDh.tga; sourceTree = "<group>"; };
		7898233C1D478DD800FCFE04 /* football.png */ = {isa = PBXFileReference; lastKnownFileType = image.png; path = football.png; sourceTree = "<group>"; };
		78A2C0951D4EACB200ABE262 /* spark.png */ = {isa = PBXFileReference; lastKnownFileType = image.png; name = spark.png; path = SceneKitTutorial/spark.png; sourceTree = "<group>"; };
		78A2C0971D4EACBE00ABE262 /* Explosion.scnp */ = {isa = PBXFileReference; lastKnownFileType = file.scp; name = Explosion.scnp; path = SceneKitTutorial/Explosion.scnp; sourceTree = "<group>"; };
/* End PBXFileReference section */

/* Begin PBXFrameworksBuildPhase section */
		7860F5A91D422A89007E138C /* Frameworks */ = {
			isa = PBXFrameworksBuildPhase;
			buildActionMask = 2147483647;
			files = (
				7860F5C21D422AA0007E138C /* SceneKit.framework in Frameworks */,
			);
			runOnlyForDeploymentPostprocessing = 0;
		};
/* End PBXFrameworksBuildPhase section */

/* Begin PBXGroup section */
		7860F5A31D422A89007E138C = {
			isa = PBXGroup;
			children = (
				78A2C0971D4EACBE00ABE262 /* Explosion.scnp */,
				78A2C0951D4EACB200ABE262 /* spark.png */,
				7869805B1D4D2FB400D1DF56 /* bulb.dae */,
				780B0A4D1D4D47EC003A2DDC /* charizard.dae */,
				782E69A61D4D32B700D207CB /* bulbasaur_minimalist_wallpaper_by_rich_q-d7bdg80.png */,
				782E69A41D4D312A00D207CB /* BR_Bulbasaur.png */,
				7869805C1D4D2FB400D1DF56 /* fushigidane_0_0.tga */,
				7869805D1D4D2FB400D1DF56 /* fushigidane_0_1.tga */,
				7869805E1D4D2FB400D1DF56 /* fushigidane_1_0.tga */,
				7869805F1D4D2FB400D1DF56 /* fushigidane_1_1.tga */,
				786980601D4D2FB400D1DF56 /* FushigidaneDh.tga */,
				786980611D4D2FB400D1DF56 /* FushigidaneEyeDh.tga */,
				78612E401D4D0EDD008390B6 /* PikachuEnvNl.png */,
				78612E411D4D0EDD008390B6 /* PikachuEyeNl.png */,
				78612E421D4D0EDD008390B6 /* PikachuHohoNl.png */,
				78612E431D4D0EDD008390B6 /* PikachuMouthNl.png */,
				78612E441D4D0EDD008390B6 /* PikachuNl.png */,
				78612E451D4D0EDD008390B6 /* PikachuSpecularNl.png */,
				78612E051D4A7CC3008390B6 /* lizardon_0_0.tga */,
				78612E061D4A7CC3008390B6 /* lizardon_1_0.tga */,
				78612E071D4A7CC3008390B6 /* LizardonDh.tga */,
				78612E081D4A7CC3008390B6 /* LizardonEyeDh.tga */,
				78612E091D4A7CC3008390B6 /* LizardonFireWP.tga */,
				780EB5021D450DDF00264EB8 /* stone-wall.jpg */,
				78612DFD1D4A7B2D008390B6 /* wood.jpg */,
				7860F5C11D422AA0007E138C /* SceneKit.framework */,
				7860F5AE1D422A89007E138C /* SceneKitTutorial */,
				7860F5AD1D422A89007E138C /* Products */,
			);
			sourceTree = "<group>";
		};
		7860F5AD1D422A89007E138C /* Products */ = {
			isa = PBXGroup;
			children = (
				7860F5AC1D422A89007E138C /* SceneKitTutorial.app */,
			);
			name = Products;
			sourceTree = "<group>";
		};
		7860F5AE1D422A89007E138C /* SceneKitTutorial */ = {
			isa = PBXGroup;
			children = (
				7860F5AF1D422A89007E138C /* AppDelegate.swift */,
				7860F5B11D422A89007E138C /* ViewController.swift */,
				7860F5B31D422A89007E138C /* Main.storyboard */,
				7860F5C31D422B88007E138C /* PrimitivesScene.swift */,
				78612E2E1D4BC4A8008390B6 /* pik.dae */,
				78612E141D4B8ACF008390B6 /* green.png */,
				78612E101D4AB015008390B6 /* pokeball.png */,
				7898233C1D478DD800FCFE04 /* football.png */,
				780EB5061D4583E600264EB8 /* blue-sky.jpg */,
				78612DFF1D4A7B55008390B6 /* sinon.dae */,
				7860F5B61D422A89007E138C /* Assets.xcassets */,
				7860F5B81D422A89007E138C /* LaunchScreen.storyboard */,
				7860F5BB1D422A89007E138C /* Info.plist */,
			);
			path = SceneKitTutorial;
			sourceTree = "<group>";
		};
/* End PBXGroup section */

/* Begin PBXNativeTarget section */
		7860F5AB1D422A89007E138C /* SceneKitTutorial */ = {
			isa = PBXNativeTarget;
			buildConfigurationList = 7860F5BE1D422A89007E138C /* Build configuration list for PBXNativeTarget "SceneKitTutorial" */;
			buildPhases = (
				7860F5A81D422A89007E138C /* Sources */,
				7860F5A91D422A89007E138C /* Frameworks */,
				7860F5AA1D422A89007E138C /* Resources */,
			);
			buildRules = (
			);
			dependencies = (
			);
			name = SceneKitTutorial;
			productName = SceneKitTutorial;
			productReference = 7860F5AC1D422A89007E138C /* SceneKitTutorial.app */;
			productType = "com.apple.product-type.application";
		};
/* End PBXNativeTarget section */

/* Begin PBXProject section */
		7860F5A41D422A89007E138C /* Project object */ = {
			isa = PBXProject;
			attributes = {
				LastSwiftUpdateCheck = 0730;
				LastUpgradeCheck = 0730;
				ORGANIZATIONNAME = "Cenker Demir";
				TargetAttributes = {
					7860F5AB1D422A89007E138C = {
						CreatedOnToolsVersion = 7.3.1;
						DevelopmentTeam = X82JT57D2Y;
					};
				};
			};
			buildConfigurationList = 7860F5A71D422A89007E138C /* Build configuration list for PBXProject "SceneKitTutorial" */;
			compatibilityVersion = "Xcode 3.2";
			developmentRegion = English;
			hasScannedForEncodings = 0;
			knownRegions = (
				en,
				Base,
			);
			mainGroup = 7860F5A31D422A89007E138C;
			productRefGroup = 7860F5AD1D422A89007E138C /* Products */;
			projectDirPath = "";
			projectRoot = "";
			targets = (
				7860F5AB1D422A89007E138C /* SceneKitTutorial */,
			);
		};
/* End PBXProject section */

/* Begin PBXResourcesBuildPhase section */
		7860F5AA1D422A89007E138C /* Resources */ = {
			isa = PBXResourcesBuildPhase;
			buildActionMask = 2147483647;
			files = (
				7898233D1D478DD800FCFE04 /* football.png in Resources */,
				78612E491D4D0EDD008390B6 /* PikachuMouthNl.png in Resources */,
				786980631D4D2FB400D1DF56 /* fushigidane_0_0.tga in Resources */,
				7860F5BA1D422A89007E138C /* LaunchScreen.storyboard in Resources */,
				78612E0A1D4A7CC3008390B6 /* lizardon_0_0.tga in Resources */,
				7860F5B71D422A89007E138C /* Assets.xcassets in Resources */,
				780EB5031D450DDF00264EB8 /* stone-wall.jpg in Resources */,
				7860F5B51D422A89007E138C /* Main.storyboard in Resources */,
				78612E001D4A7B55008390B6 /* sinon.dae in Resources */,
				78612E111D4AB015008390B6 /* pokeball.png in Resources */,
				78A2C0961D4EACB200ABE262 /* spark.png in Resources */,
				786980671D4D2FB400D1DF56 /* FushigidaneDh.tga in Resources */,
				78A2C0981D4EACBE00ABE262 /* Explosion.scnp in Resources */,
				78612E4A1D4D0EDD008390B6 /* PikachuNl.png in Resources */,
				786980681D4D2FB400D1DF56 /* FushigidaneEyeDh.tga in Resources */,
				78612E0C1D4A7CC3008390B6 /* LizardonDh.tga in Resources */,
				78612E471D4D0EDD008390B6 /* PikachuEyeNl.png in Resources */,
				782E69A51D4D312A00D207CB /* BR_Bulbasaur.png in Resources */,
				78612E461D4D0EDD008390B6 /* PikachuEnvNl.png in Resources */,
				78612E0B1D4A7CC3008390B6 /* lizardon_1_0.tga in Resources */,
				78612DFE1D4A7B2D008390B6 /* wood.jpg in Resources */,
				78612E0E1D4A7CC4008390B6 /* LizardonFireWP.tga in Resources */,
				786980661D4D2FB400D1DF56 /* fushigidane_1_1.tga in Resources */,
				780B0A4E1D4D47EC003A2DDC /* charizard.dae in Resources */,
				78612E481D4D0EDD008390B6 /* PikachuHohoNl.png in Resources */,
				782E69A71D4D32B700D207CB /* bulbasaur_minimalist_wallpaper_by_rich_q-d7bdg80.png in Resources */,
				78612E151D4B8ACF008390B6 /* green.png in Resources */,
				786980651D4D2FB400D1DF56 /* fushigidane_1_0.tga in Resources */,
				786980641D4D2FB400D1DF56 /* fushigidane_0_1.tga in Resources */,
				786980621D4D2FB400D1DF56 /* bulb.dae in Resources */,
				78612E0D1D4A7CC3008390B6 /* LizardonEyeDh.tga in Resources */,
				780EB5071D4583E600264EB8 /* blue-sky.jpg in Resources */,
				78612E2F1D4BC4A8008390B6 /* pik.dae in Resources */,
				78612E4B1D4D0EDD008390B6 /* PikachuSpecularNl.png in Resources */,
			);
			runOnlyForDeploymentPostprocessing = 0;
		};
/* End PBXResourcesBuildPhase section */

/* Begin PBXSourcesBuildPhase section */
		7860F5A81D422A89007E138C /* Sources */ = {
			isa = PBXSourcesBuildPhase;
			buildActionMask = 2147483647;
			files = (
				7860F5B21D422A89007E138C /* ViewController.swift in Sources */,
				7860F5B01D422A89007E138C /* AppDelegate.swift in Sources */,
				7860F5C41D422B88007E138C /* PrimitivesScene.swift in Sources */,
			);
			runOnlyForDeploymentPostprocessing = 0;
		};
/* End PBXSourcesBuildPhase section */

/* Begin PBXVariantGroup section */
		7860F5B31D422A89007E138C /* Main.storyboard */ = {
			isa = PBXVariantGroup;
			children = (
				7860F5B41D422A89007E138C /* Base */,
			);
			name = Main.storyboard;
			sourceTree = "<group>";
		};
		7860F5B81D422A89007E138C /* LaunchScreen.storyboard */ = {
			isa = PBXVariantGroup;
			children = (
				7860F5B91D422A89007E138C /* Base */,
			);
			name = LaunchScreen.storyboard;
			sourceTree = "<group>";
		};
/* End PBXVariantGroup section */

/* Begin XCBuildConfiguration section */
		7860F5BC1D422A89007E138C /* Debug */ = {
			isa = XCBuildConfiguration;
			buildSettings = {
				ALWAYS_SEARCH_USER_PATHS = NO;
				CLANG_ANALYZER_NONNULL = YES;
				CLANG_CXX_LANGUAGE_STANDARD = "gnu++0x";
				CLANG_CXX_LIBRARY = "libc++";
				CLANG_ENABLE_MODULES = YES;
				CLANG_ENABLE_OBJC_ARC = YES;
				CLANG_WARN_BOOL_CONVERSION = YES;
				CLANG_WARN_CONSTANT_CONVERSION = YES;
				CLANG_WARN_DIRECT_OBJC_ISA_USAGE = YES_ERROR;
				CLANG_WARN_EMPTY_BODY = YES;
				CLANG_WARN_ENUM_CONVERSION = YES;
				CLANG_WARN_INT_CONVERSION = YES;
				CLANG_WARN_OBJC_ROOT_CLASS = YES_ERROR;
				CLANG_WARN_UNREACHABLE_CODE = YES;
				CLANG_WARN__DUPLICATE_METHOD_MATCH = YES;
				"CODE_SIGN_IDENTITY[sdk=iphoneos*]" = "iPhone Developer";
				COPY_PHASE_STRIP = NO;
				DEBUG_INFORMATION_FORMAT = dwarf;
				ENABLE_STRICT_OBJC_MSGSEND = YES;
				ENABLE_TESTABILITY = YES;
				GCC_C_LANGUAGE_STANDARD = gnu99;
				GCC_DYNAMIC_NO_PIC = NO;
				GCC_NO_COMMON_BLOCKS = YES;
				GCC_OPTIMIZATION_LEVEL = 0;
				GCC_PREPROCESSOR_DEFINITIONS = (
					"DEBUG=1",
					"$(inherited)",
				);
				GCC_WARN_64_TO_32_BIT_CONVERSION = YES;
				GCC_WARN_ABOUT_RETURN_TYPE = YES_ERROR;
				GCC_WARN_UNDECLARED_SELECTOR = YES;
				GCC_WARN_UNINITIALIZED_AUTOS = YES_AGGRESSIVE;
				GCC_WARN_UNUSED_FUNCTION = YES;
				GCC_WARN_UNUSED_VARIABLE = YES;
				IPHONEOS_DEPLOYMENT_TARGET = 9.3;
				MTL_ENABLE_DEBUG_INFO = YES;
				ONLY_ACTIVE_ARCH = YES;
				SDKROOT = iphoneos;
				SWIFT_OPTIMIZATION_LEVEL = "-Onone";
				TARGETED_DEVICE_FAMILY = 2;
			};
			name = Debug;
		};
		7860F5BD1D422A89007E138C /* Release */ = {
			isa = XCBuildConfiguration;
			buildSettings = {
				ALWAYS_SEARCH_USER_PATHS = NO;
				CLANG_ANALYZER_NONNULL = YES;
				CLANG_CXX_LANGUAGE_STANDARD = "gnu++0x";
				CLANG_CXX_LIBRARY = "libc++";
				CLANG_ENABLE_MODULES = YES;
				CLANG_ENABLE_OBJC_ARC = YES;
				CLANG_WARN_BOOL_CONVERSION = YES;
				CLANG_WARN_CONSTANT_CONVERSION = YES;
				CLANG_WARN_DIRECT_OBJC_ISA_USAGE = YES_ERROR;
				CLANG_WARN_EMPTY_BODY = YES;
				CLANG_WARN_ENUM_CONVERSION = YES;
				CLANG_WARN_INT_CONVERSION = YES;
				CLANG_WARN_OBJC_ROOT_CLASS = YES_ERROR;
				CLANG_WARN_UNREACHABLE_CODE = YES;
				CLANG_WARN__DUPLICATE_METHOD_MATCH = YES;
				"CODE_SIGN_IDENTITY[sdk=iphoneos*]" = "iPhone Developer";
				COPY_PHASE_STRIP = NO;
				DEBUG_INFORMATION_FORMAT = "dwarf-with-dsym";
				ENABLE_NS_ASSERTIONS = NO;
				ENABLE_STRICT_OBJC_MSGSEND = YES;
				GCC_C_LANGUAGE_STANDARD = gnu99;
				GCC_NO_COMMON_BLOCKS = YES;
				GCC_WARN_64_TO_32_BIT_CONVERSION = YES;
				GCC_WARN_ABOUT_RETURN_TYPE = YES_ERROR;
				GCC_WARN_UNDECLARED_SELECTOR = YES;
				GCC_WARN_UNINITIALIZED_AUTOS = YES_AGGRESSIVE;
				GCC_WARN_UNUSED_FUNCTION = YES;
				GCC_WARN_UNUSED_VARIABLE = YES;
				IPHONEOS_DEPLOYMENT_TARGET = 9.3;
				MTL_ENABLE_DEBUG_INFO = NO;
				SDKROOT = iphoneos;
				TARGETED_DEVICE_FAMILY = 2;
				VALIDATE_PRODUCT = YES;
			};
			name = Release;
		};
		7860F5BF1D422A89007E138C /* Debug */ = {
			isa = XCBuildConfiguration;
			buildSettings = {
				ASSETCATALOG_COMPILER_APPICON_NAME = AppIcon;
				INFOPLIST_FILE = SceneKitTutorial/Info.plist;
				LD_RUNPATH_SEARCH_PATHS = "$(inherited) @executable_path/Frameworks";
				PRODUCT_BUNDLE_IDENTIFIER = com.Cenker.Demir.SceneKitTutorial;
				PRODUCT_NAME = "$(TARGET_NAME)";
				TARGETED_DEVICE_FAMILY = "1,2";
			};
			name = Debug;
		};
		7860F5C01D422A89007E138C /* Release */ = {
			isa = XCBuildConfiguration;
			buildSettings = {
				ASSETCATALOG_COMPILER_APPICON_NAME = AppIcon;
				INFOPLIST_FILE = SceneKitTutorial/Info.plist;
				LD_RUNPATH_SEARCH_PATHS = "$(inherited) @executable_path/Frameworks";
				PRODUCT_BUNDLE_IDENTIFIER = com.Cenker.Demir.SceneKitTutorial;
				PRODUCT_NAME = "$(TARGET_NAME)";
				TARGETED_DEVICE_FAMILY = "1,2";
			};
			name = Release;
		};
/* End XCBuildConfiguration section */

/* Begin XCConfigurationList section */
		7860F5A71D422A89007E138C /* Build configuration list for PBXProject "SceneKitTutorial" */ = {
			isa = XCConfigurationList;
			buildConfigurations = (
				7860F5BC1D422A89007E138C /* Debug */,
				7860F5BD1D422A89007E138C /* Release */,
			);
			defaultConfigurationIsVisible = 0;
			defaultConfigurationName = Release;
		};
		7860F5BE1D422A89007E138C /* Build configuration list for PBXNativeTarget "SceneKitTutorial" */ = {
			isa = XCConfigurationList;
			buildConfigurations = (
				7860F5BF1D422A89007E138C /* Debug */,
				7860F5C01D422A89007E138C /* Release */,
			);
			defaultConfigurationIsVisible = 0;
			defaultConfigurationName = Release;
		};
/* End XCConfigurationList section */
	};
	rootObject = 7860F5A41D422A89007E138C /* Project object */;
}
